// !$*UTF8*$!
{
	archiveVersion = 1;
	classes = {
	};
	objectVersion = 46;
	objects = {

/* Begin PBXBuildFile section */
		91E5841D1CFFBEBC00D254CB /* main.m in Sources */ = {isa = PBXBuildFile; fileRef = 91E5841C1CFFBEBC00D254CB /* main.m */; };
		91E584201CFFBEBC00D254CB /* AppDelegate.m in Sources */ = {isa = PBXBuildFile; fileRef = 91E5841F1CFFBEBC00D254CB /* AppDelegate.m */; };
		91E584231CFFBEBC00D254CB /* MainCtl.m in Sources */ = {isa = PBXBuildFile; fileRef = 91E584221CFFBEBC00D254CB /* MainCtl.m */; };
		91E584291CFFBEBC00D254CB /* QianMuJinRong.xcdatamodeld in Sources */ = {isa = PBXBuildFile; fileRef = 91E584271CFFBEBC00D254CB /* QianMuJinRong.xcdatamodeld */; };
		91E5842B1CFFBEBC00D254CB /* Assets.xcassets in Resources */ = {isa = PBXBuildFile; fileRef = 91E5842A1CFFBEBC00D254CB /* Assets.xcassets */; };
		91E5842E1CFFBEBC00D254CB /* LaunchScreen.storyboard in Resources */ = {isa = PBXBuildFile; fileRef = 91E5842C1CFFBEBC00D254CB /* LaunchScreen.storyboard */; };
		91E584371CFFBFE600D254CB /* MainTabBarCtl.m in Sources */ = {isa = PBXBuildFile; fileRef = 91E584361CFFBFE600D254CB /* MainTabBarCtl.m */; };
		91E584391CFFC04D00D254CB /* Investment.storyboard in Resources */ = {isa = PBXBuildFile; fileRef = 91E584381CFFC04D00D254CB /* Investment.storyboard */; };
		91E5843B1CFFC09D00D254CB /* Account.storyboard in Resources */ = {isa = PBXBuildFile; fileRef = 91E5843A1CFFC09D00D254CB /* Account.storyboard */; };
		91E584411CFFC23D00D254CB /* InvestmentCtl.m in Sources */ = {isa = PBXBuildFile; fileRef = 91E584401CFFC23D00D254CB /* InvestmentCtl.m */; };
		91E584441CFFC25300D254CB /* AccountCtl.m in Sources */ = {isa = PBXBuildFile; fileRef = 91E584431CFFC25300D254CB /* AccountCtl.m */; };
		91F054F11D0BD18800414D76 /* Main.storyboard in Resources */ = {isa = PBXBuildFile; fileRef = 91F054F01D0BD18800414D76 /* Main.storyboard */; };
		91F054F41D0BD4DA00414D76 /* TestViewController.m in Sources */ = {isa = PBXBuildFile; fileRef = 91F054F31D0BD4DA00414D76 /* TestViewController.m */; };
		91F054F71D0BD99200414D76 /* ZecNavigationCtl.m in Sources */ = {isa = PBXBuildFile; fileRef = 91F054F61D0BD99200414D76 /* ZecNavigationCtl.m */; };
		91F054FD1D0BDB4200414D76 /* ZecHTTPSessionManager.m in Sources */ = {isa = PBXBuildFile; fileRef = 91F054FC1D0BDB4200414D76 /* ZecHTTPSessionManager.m */; };
		AF87086B34134C2C541AF3F2 /* libPods-QianMuJinRong.a in Frameworks */ = {isa = PBXBuildFile; fileRef = 46A87A30D7658E7FC56D6B62 /* libPods-QianMuJinRong.a */; };
/* End PBXBuildFile section */

/* Begin PBXFileReference section */
		0037A7C6F28B413D2275FECA /* Pods-QianMuJinRong.release.xcconfig */ = {isa = PBXFileReference; includeInIndex = 1; lastKnownFileType = text.xcconfig; name = "Pods-QianMuJinRong.release.xcconfig"; path = "Pods/Target Support Files/Pods-QianMuJinRong/Pods-QianMuJinRong.release.xcconfig"; sourceTree = "<group>"; };
		46A87A30D7658E7FC56D6B62 /* libPods-QianMuJinRong.a */ = {isa = PBXFileReference; explicitFileType = archive.ar; includeInIndex = 0; path = "libPods-QianMuJinRong.a"; sourceTree = BUILT_PRODUCTS_DIR; };
		810365B48B033C7F6F8536F5 /* Pods-QianMuJinRong.debug.xcconfig */ = {isa = PBXFileReference; includeInIndex = 1; lastKnownFileType = text.xcconfig; name = "Pods-QianMuJinRong.debug.xcconfig"; path = "Pods/Target Support Files/Pods-QianMuJinRong/Pods-QianMuJinRong.debug.xcconfig"; sourceTree = "<group>"; };
		91E584181CFFBEBC00D254CB /* QianMuJinRong.app */ = {isa = PBXFileReference; explicitFileType = wrapper.application; includeInIndex = 0; path = QianMuJinRong.app; sourceTree = BUILT_PRODUCTS_DIR; };
		91E5841C1CFFBEBC00D254CB /* main.m */ = {isa = PBXFileReference; lastKnownFileType = sourcecode.c.objc; path = main.m; sourceTree = "<group>"; };
		91E5841E1CFFBEBC00D254CB /* AppDelegate.h */ = {isa = PBXFileReference; lastKnownFileType = sourcecode.c.h; path = AppDelegate.h; sourceTree = "<group>"; };
		91E5841F1CFFBEBC00D254CB /* AppDelegate.m */ = {isa = PBXFileReference; lastKnownFileType = sourcecode.c.objc; path = AppDelegate.m; sourceTree = "<group>"; };
		91E584211CFFBEBC00D254CB /* MainCtl.h */ = {isa = PBXFileReference; lastKnownFileType = sourcecode.c.h; path = MainCtl.h; sourceTree = "<group>"; };
		91E584221CFFBEBC00D254CB /* MainCtl.m */ = {isa = PBXFileReference; lastKnownFileType = sourcecode.c.objc; path = MainCtl.m; sourceTree = "<group>"; };
		91E584281CFFBEBC00D254CB /* QianMuJinRong.xcdatamodel */ = {isa = PBXFileReference; lastKnownFileType = wrapper.xcdatamodel; path = QianMuJinRong.xcdatamodel; sourceTree = "<group>"; };
		91E5842A1CFFBEBC00D254CB /* Assets.xcassets */ = {isa = PBXFileReference; lastKnownFileType = folder.assetcatalog; path = Assets.xcassets; sourceTree = "<group>"; };
		91E5842D1CFFBEBC00D254CB /* Base */ = {isa = PBXFileReference; lastKnownFileType = file.storyboard; name = Base; path = Base.lproj/LaunchScreen.storyboard; sourceTree = "<group>"; };
		91E5842F1CFFBEBC00D254CB /* Info.plist */ = {isa = PBXFileReference; lastKnownFileType = text.plist.xml; path = Info.plist; sourceTree = "<group>"; };
		91E584351CFFBFE600D254CB /* MainTabBarCtl.h */ = {isa = PBXFileReference; fileEncoding = 4; lastKnownFileType = sourcecode.c.h; path = MainTabBarCtl.h; sourceTree = "<group>"; };
		91E584361CFFBFE600D254CB /* MainTabBarCtl.m */ = {isa = PBXFileReference; fileEncoding = 4; lastKnownFileType = sourcecode.c.objc; path = MainTabBarCtl.m; sourceTree = "<group>"; };
		91E584381CFFC04D00D254CB /* Investment.storyboard */ = {isa = PBXFileReference; fileEncoding = 4; lastKnownFileType = file.storyboard; path = Investment.storyboard; sourceTree = "<group>"; };
		91E5843A1CFFC09D00D254CB /* Account.storyboard */ = {isa = PBXFileReference; fileEncoding = 4; lastKnownFileType = file.storyboard; path = Account.storyboard; sourceTree = "<group>"; };
		91E5843F1CFFC23D00D254CB /* InvestmentCtl.h */ = {isa = PBXFileReference; fileEncoding = 4; lastKnownFileType = sourcecode.c.h; path = InvestmentCtl.h; sourceTree = "<group>"; };
		91E584401CFFC23D00D254CB /* InvestmentCtl.m */ = {isa = PBXFileReference; fileEncoding = 4; lastKnownFileType = sourcecode.c.objc; path = InvestmentCtl.m; sourceTree = "<group>"; };
		91E584421CFFC25300D254CB /* AccountCtl.h */ = {isa = PBXFileReference; fileEncoding = 4; lastKnownFileType = sourcecode.c.h; path = AccountCtl.h; sourceTree = "<group>"; };
		91E584431CFFC25300D254CB /* AccountCtl.m */ = {isa = PBXFileReference; fileEncoding = 4; lastKnownFileType = sourcecode.c.objc; path = AccountCtl.m; sourceTree = "<group>"; };
		91F054F01D0BD18800414D76 /* Main.storyboard */ = {isa = PBXFileReference; fileEncoding = 4; lastKnownFileType = file.storyboard; path = Main.storyboard; sourceTree = "<group>"; };
		91F054F21D0BD4DA00414D76 /* TestViewController.h */ = {isa = PBXFileReference; fileEncoding = 4; lastKnownFileType = sourcecode.c.h; path = TestViewController.h; sourceTree = "<group>"; };
		91F054F31D0BD4DA00414D76 /* TestViewController.m */ = {isa = PBXFileReference; fileEncoding = 4; lastKnownFileType = sourcecode.c.objc; path = TestViewController.m; sourceTree = "<group>"; };
		91F054F51D0BD99200414D76 /* ZecNavigationCtl.h */ = {isa = PBXFileReference; fileEncoding = 4; lastKnownFileType = sourcecode.c.h; path = ZecNavigationCtl.h; sourceTree = "<group>"; };
		91F054F61D0BD99200414D76 /* ZecNavigationCtl.m */ = {isa = PBXFileReference; fileEncoding = 4; lastKnownFileType = sourcecode.c.objc; path = ZecNavigationCtl.m; sourceTree = "<group>"; };
		91F054FB1D0BDB4200414D76 /* ZecHTTPSessionManager.h */ = {isa = PBXFileReference; fileEncoding = 4; lastKnownFileType = sourcecode.c.h; path = ZecHTTPSessionManager.h; sourceTree = "<group>"; };
		91F054FC1D0BDB4200414D76 /* ZecHTTPSessionManager.m */ = {isa = PBXFileReference; fileEncoding = 4; lastKnownFileType = sourcecode.c.objc; path = ZecHTTPSessionManager.m; sourceTree = "<group>"; };
/* End PBXFileReference section */

/* Begin PBXFrameworksBuildPhase section */
		91E584151CFFBEBC00D254CB /* Frameworks */ = {
			isa = PBXFrameworksBuildPhase;
			buildActionMask = 2147483647;
			files = (
				AF87086B34134C2C541AF3F2 /* libPods-QianMuJinRong.a in Frameworks */,
			);
			runOnlyForDeploymentPostprocessing = 0;
		};
/* End PBXFrameworksBuildPhase section */

/* Begin PBXGroup section */
		876EAA46783B2EF6F8FF2BF7 /* Pods */ = {
			isa = PBXGroup;
			children = (
				810365B48B033C7F6F8536F5 /* Pods-QianMuJinRong.debug.xcconfig */,
				0037A7C6F28B413D2275FECA /* Pods-QianMuJinRong.release.xcconfig */,
			);
			name = Pods;
			sourceTree = "<group>";
		};
		91E5840F1CFFBEBC00D254CB = {
			isa = PBXGroup;
			children = (
				91E5841A1CFFBEBC00D254CB /* QianMuJinRong */,
				91E584191CFFBEBC00D254CB /* Products */,
				876EAA46783B2EF6F8FF2BF7 /* Pods */,
				A03FD4424CED2E8209FA4D57 /* Frameworks */,
			);
			sourceTree = "<group>";
		};
		91E584191CFFBEBC00D254CB /* Products */ = {
			isa = PBXGroup;
			children = (
				91E584181CFFBEBC00D254CB /* QianMuJinRong.app */,
			);
			name = Products;
			sourceTree = "<group>";
		};
		91E5841A1CFFBEBC00D254CB /* QianMuJinRong */ = {
			isa = PBXGroup;
			children = (
				91E5841E1CFFBEBC00D254CB /* AppDelegate.h */,
				91E5841F1CFFBEBC00D254CB /* AppDelegate.m */,
				91E584351CFFBFE600D254CB /* MainTabBarCtl.h */,
				91E584361CFFBFE600D254CB /* MainTabBarCtl.m */,
				91F054F51D0BD99200414D76 /* ZecNavigationCtl.h */,
				91F054F61D0BD99200414D76 /* ZecNavigationCtl.m */,
				91F054FB1D0BDB4200414D76 /* ZecHTTPSessionManager.h */,
				91F054FC1D0BDB4200414D76 /* ZecHTTPSessionManager.m */,
				91E5843C1CFFC0FE00D254CB /* MainPage */,
				91E5843D1CFFC12600D254CB /* Investment */,
				91E5843E1CFFC14800D254CB /* Account */,
				91E5842A1CFFBEBC00D254CB /* Assets.xcassets */,
				91E5842C1CFFBEBC00D254CB /* LaunchScreen.storyboard */,
				91E5842F1CFFBEBC00D254CB /* Info.plist */,
				91E584271CFFBEBC00D254CB /* QianMuJinRong.xcdatamodeld */,
				91E5841B1CFFBEBC00D254CB /* Supporting Files */,
			);
			path = QianMuJinRong;
			sourceTree = "<group>";
		};
		91E5841B1CFFBEBC00D254CB /* Supporting Files */ = {
			isa = PBXGroup;
			children = (
				91E5841C1CFFBEBC00D254CB /* main.m */,
			);
			name = "Supporting Files";
			sourceTree = "<group>";
		};
		91E5843C1CFFC0FE00D254CB /* MainPage */ = {
			isa = PBXGroup;
			children = (
				91F054F01D0BD18800414D76 /* Main.storyboard */,
				91E584211CFFBEBC00D254CB /* MainCtl.h */,
				91E584221CFFBEBC00D254CB /* MainCtl.m */,
				91F054F21D0BD4DA00414D76 /* TestViewController.h */,
				91F054F31D0BD4DA00414D76 /* TestViewController.m */,
			);
			name = MainPage;
			sourceTree = "<group>";
		};
		91E5843D1CFFC12600D254CB /* Investment */ = {
			isa = PBXGroup;
			children = (
				91E584381CFFC04D00D254CB /* Investment.storyboard */,
				91E5843F1CFFC23D00D254CB /* InvestmentCtl.h */,
				91E584401CFFC23D00D254CB /* InvestmentCtl.m */,
			);
			name = Investment;
			sourceTree = "<group>";
		};
		91E5843E1CFFC14800D254CB /* Account */ = {
			isa = PBXGroup;
			children = (
				91E5843A1CFFC09D00D254CB /* Account.storyboard */,
				91E584421CFFC25300D254CB /* AccountCtl.h */,
				91E584431CFFC25300D254CB /* AccountCtl.m */,
			);
			name = Account;
			sourceTree = "<group>";
		};
		A03FD4424CED2E8209FA4D57 /* Frameworks */ = {
			isa = PBXGroup;
			children = (
				46A87A30D7658E7FC56D6B62 /* libPods-QianMuJinRong.a */,
			);
			name = Frameworks;
			sourceTree = "<group>";
		};
/* End PBXGroup section */

/* Begin PBXNativeTarget section */
		91E584171CFFBEBC00D254CB /* QianMuJinRong */ = {
			isa = PBXNativeTarget;
			buildConfigurationList = 91E584321CFFBEBC00D254CB /* Build configuration list for PBXNativeTarget "QianMuJinRong" */;
			buildPhases = (
				93D76F367D4B8CF503B540B0 /* 📦 Check Pods Manifest.lock */,
				91E584141CFFBEBC00D254CB /* Sources */,
				91E584151CFFBEBC00D254CB /* Frameworks */,
				91E584161CFFBEBC00D254CB /* Resources */,
				925ED1C6F9AA800FCF6AEBBA /* 📦 Embed Pods Frameworks */,
				1073F7BA253C9812A05599EC /* 📦 Copy Pods Resources */,
			);
			buildRules = (
			);
			dependencies = (
			);
			name = QianMuJinRong;
			productName = QianMuJinRong;
			productReference = 91E584181CFFBEBC00D254CB /* QianMuJinRong.app */;
			productType = "com.apple.product-type.application";
		};
/* End PBXNativeTarget section */

/* Begin PBXProject section */
		91E584101CFFBEBC00D254CB /* Project object */ = {
			isa = PBXProject;
			attributes = {
				LastUpgradeCheck = 0730;
				ORGANIZATIONNAME = Zec;
				TargetAttributes = {
					91E584171CFFBEBC00D254CB = {
						CreatedOnToolsVersion = 7.3.1;
					};
				};
			};
			buildConfigurationList = 91E584131CFFBEBC00D254CB /* Build configuration list for PBXProject "QianMuJinRong" */;
			compatibilityVersion = "Xcode 3.2";
			developmentRegion = English;
			hasScannedForEncodings = 0;
			knownRegions = (
				en,
				Base,
			);
			mainGroup = 91E5840F1CFFBEBC00D254CB;
			productRefGroup = 91E584191CFFBEBC00D254CB /* Products */;
			projectDirPath = "";
			projectRoot = "";
			targets = (
				91E584171CFFBEBC00D254CB /* QianMuJinRong */,
			);
		};
/* End PBXProject section */

/* Begin PBXResourcesBuildPhase section */
		91E584161CFFBEBC00D254CB /* Resources */ = {
			isa = PBXResourcesBuildPhase;
			buildActionMask = 2147483647;
			files = (
				91E5842E1CFFBEBC00D254CB /* LaunchScreen.storyboard in Resources */,
				91F054F11D0BD18800414D76 /* Main.storyboard in Resources */,
				91E584391CFFC04D00D254CB /* Investment.storyboard in Resources */,
				91E5843B1CFFC09D00D254CB /* Account.storyboard in Resources */,
				91E5842B1CFFBEBC00D254CB /* Assets.xcassets in Resources */,
			);
			runOnlyForDeploymentPostprocessing = 0;
		};
/* End PBXResourcesBuildPhase section */

/* Begin PBXShellScriptBuildPhase section */
		1073F7BA253C9812A05599EC /* 📦 Copy Pods Resources */ = {
			isa = PBXShellScriptBuildPhase;
			buildActionMask = 2147483647;
			files = (
			);
			inputPaths = (
			);
			name = "📦 Copy Pods Resources";
			outputPaths = (
			);
			runOnlyForDeploymentPostprocessing = 0;
			shellPath = /bin/sh;
			shellScript = "\"${SRCROOT}/Pods/Target Support Files/Pods-QianMuJinRong/Pods-QianMuJinRong-resources.sh\"\n";
			showEnvVarsInLog = 0;
		};
		925ED1C6F9AA800FCF6AEBBA /* 📦 Embed Pods Frameworks */ = {
			isa = PBXShellScriptBuildPhase;
			buildActionMask = 2147483647;
			files = (
			);
			inputPaths = (
			);
			name = "📦 Embed Pods Frameworks";
			outputPaths = (
			);
			runOnlyForDeploymentPostprocessing = 0;
			shellPath = /bin/sh;
			shellScript = "\"${SRCROOT}/Pods/Target Support Files/Pods-QianMuJinRong/Pods-QianMuJinRong-frameworks.sh\"\n";
			showEnvVarsInLog = 0;
		};
		93D76F367D4B8CF503B540B0 /* 📦 Check Pods Manifest.lock */ = {
			isa = PBXShellScriptBuildPhase;
			buildActionMask = 2147483647;
			files = (
			);
			inputPaths = (
			);
			name = "📦 Check Pods Manifest.lock";
			outputPaths = (
			);
			runOnlyForDeploymentPostprocessing = 0;
			shellPath = /bin/sh;
			shellScript = "diff \"${PODS_ROOT}/../Podfile.lock\" \"${PODS_ROOT}/Manifest.lock\" > /dev/null\nif [[ $? != 0 ]] ; then\n    cat << EOM\nerror: The sandbox is not in sync with the Podfile.lock. Run 'pod install' or update your CocoaPods installation.\nEOM\n    exit 1\nfi\n";
			showEnvVarsInLog = 0;
		};
/* End PBXShellScriptBuildPhase section */

/* Begin PBXSourcesBuildPhase section */
		91E584141CFFBEBC00D254CB /* Sources */ = {
			isa = PBXSourcesBuildPhase;
			buildActionMask = 2147483647;
			files = (
				91E584411CFFC23D00D254CB /* InvestmentCtl.m in Sources */,
				91F054FD1D0BDB4200414D76 /* ZecHTTPSessionManager.m in Sources */,
				91E584291CFFBEBC00D254CB /* QianMuJinRong.xcdatamodeld in Sources */,
				91E584371CFFBFE600D254CB /* MainTabBarCtl.m in Sources */,
				91E584231CFFBEBC00D254CB /* MainCtl.m in Sources */,
				91E584441CFFC25300D254CB /* AccountCtl.m in Sources */,
				91F054F71D0BD99200414D76 /* ZecNavigationCtl.m in Sources */,
				91F054F41D0BD4DA00414D76 /* TestViewController.m in Sources */,
				91E584201CFFBEBC00D254CB /* AppDelegate.m in Sources */,
				91E5841D1CFFBEBC00D254CB /* main.m in Sources */,
			);
			runOnlyForDeploymentPostprocessing = 0;
		};
/* End PBXSourcesBuildPhase section */

/* Begin PBXVariantGroup section */
		91E5842C1CFFBEBC00D254CB /* LaunchScreen.storyboard */ = {
			isa = PBXVariantGroup;
			children = (
				91E5842D1CFFBEBC00D254CB /* Base */,
			);
			name = LaunchScreen.storyboard;
			sourceTree = "<group>";
		};
/* End PBXVariantGroup section */

/* Begin XCBuildConfiguration section */
		91E584301CFFBEBC00D254CB /* Debug */ = {
			isa = XCBuildConfiguration;
			buildSettings = {
				ALWAYS_SEARCH_USER_PATHS = NO;
				CLANG_ANALYZER_NONNULL = YES;
				CLANG_CXX_LANGUAGE_STANDARD = "gnu++0x";
				CLANG_CXX_LIBRARY = "libc++";
				CLANG_ENABLE_MODULES = YES;
				CLANG_ENABLE_OBJC_ARC = YES;
				CLANG_WARN_BOOL_CONVERSION = YES;
				CLANG_WARN_CONSTANT_CONVERSION = YES;
				CLANG_WARN_DIRECT_OBJC_ISA_USAGE = YES_ERROR;
				CLANG_WARN_EMPTY_BODY = YES;
				CLANG_WARN_ENUM_CONVERSION = YES;
				CLANG_WARN_INT_CONVERSION = YES;
				CLANG_WARN_OBJC_ROOT_CLASS = YES_ERROR;
				CLANG_WARN_UNREACHABLE_CODE = YES;
				CLANG_WARN__DUPLICATE_METHOD_MATCH = YES;
				"CODE_SIGN_IDENTITY[sdk=iphoneos*]" = "iPhone Developer";
				COPY_PHASE_STRIP = NO;
				DEBUG_INFORMATION_FORMAT = dwarf;
				ENABLE_STRICT_OBJC_MSGSEND = YES;
				ENABLE_TESTABILITY = YES;
				GCC_C_LANGUAGE_STANDARD = gnu99;
				GCC_DYNAMIC_NO_PIC = NO;
				GCC_NO_COMMON_BLOCKS = YES;
				GCC_OPTIMIZATION_LEVEL = 0;
				GCC_PREPROCESSOR_DEFINITIONS = (
					"DEBUG=1",
					"$(inherited)",
				);
				GCC_WARN_64_TO_32_BIT_CONVERSION = YES;
				GCC_WARN_ABOUT_RETURN_TYPE = YES_ERROR;
				GCC_WARN_UNDECLARED_SELECTOR = YES;
				GCC_WARN_UNINITIALIZED_AUTOS = YES_AGGRESSIVE;
				GCC_WARN_UNUSED_FUNCTION = YES;
				GCC_WARN_UNUSED_VARIABLE = YES;
				IPHONEOS_DEPLOYMENT_TARGET = 9.3;
				MTL_ENABLE_DEBUG_INFO = YES;
				ONLY_ACTIVE_ARCH = YES;
				SDKROOT = iphoneos;
				TARGETED_DEVICE_FAMILY = "1,2";
			};
			name = Debug;
		};
		91E584311CFFBEBC00D254CB /* Release */ = {
			isa = XCBuildConfiguration;
			buildSettings = {
				ALWAYS_SEARCH_USER_PATHS = NO;
				CLANG_ANALYZER_NONNULL = YES;
				CLANG_CXX_LANGUAGE_STANDARD = "gnu++0x";
				CLANG_CXX_LIBRARY = "libc++";
				CLANG_ENABLE_MODULES = YES;
				CLANG_ENABLE_OBJC_ARC = YES;
				CLANG_WARN_BOOL_CONVERSION = YES;
				CLANG_WARN_CONSTANT_CONVERSION = YES;
				CLANG_WARN_DIRECT_OBJC_ISA_USAGE = YES_ERROR;
				CLANG_WARN_EMPTY_BODY = YES;
				CLANG_WARN_ENUM_CONVERSION = YES;
				CLANG_WARN_INT_CONVERSION = YES;
				CLANG_WARN_OBJC_ROOT_CLASS = YES_ERROR;
				CLANG_WARN_UNREACHABLE_CODE = YES;
				CLANG_WARN__DUPLICATE_METHOD_MATCH = YES;
				"CODE_SIGN_IDENTITY[sdk=iphoneos*]" = "iPhone Developer";
				COPY_PHASE_STRIP = NO;
				DEBUG_INFORMATION_FORMAT = "dwarf-with-dsym";
				ENABLE_NS_ASSERTIONS = NO;
				ENABLE_STRICT_OBJC_MSGSEND = YES;
				GCC_C_LANGUAGE_STANDARD = gnu99;
				GCC_NO_COMMON_BLOCKS = YES;
				GCC_WARN_64_TO_32_BIT_CONVERSION = YES;
				GCC_WARN_ABOUT_RETURN_TYPE = YES_ERROR;
				GCC_WARN_UNDECLARED_SELECTOR = YES;
				GCC_WARN_UNINITIALIZED_AUTOS = YES_AGGRESSIVE;
				GCC_WARN_UNUSED_FUNCTION = YES;
				GCC_WARN_UNUSED_VARIABLE = YES;
				IPHONEOS_DEPLOYMENT_TARGET = 9.3;
				MTL_ENABLE_DEBUG_INFO = NO;
				SDKROOT = iphoneos;
				TARGETED_DEVICE_FAMILY = "1,2";
				VALIDATE_PRODUCT = YES;
			};
			name = Release;
		};
		91E584331CFFBEBC00D254CB /* Debug */ = {
			isa = XCBuildConfiguration;
			baseConfigurationReference = 810365B48B033C7F6F8536F5 /* Pods-QianMuJinRong.debug.xcconfig */;
			buildSettings = {
				ASSETCATALOG_COMPILER_APPICON_NAME = AppIcon;
				INFOPLIST_FILE = QianMuJinRong/Info.plist;
				LD_RUNPATH_SEARCH_PATHS = "$(inherited) @executable_path/Frameworks";
				PRODUCT_BUNDLE_IDENTIFIER = com.Zec.QianMuJinRong;
				PRODUCT_NAME = "$(TARGET_NAME)";
			};
			name = Debug;
		};
		91E584341CFFBEBC00D254CB /* Release */ = {
			isa = XCBuildConfiguration;
			baseConfigurationReference = 0037A7C6F28B413D2275FECA /* Pods-QianMuJinRong.release.xcconfig */;
			buildSettings = {
				ASSETCATALOG_COMPILER_APPICON_NAME = AppIcon;
				INFOPLIST_FILE = QianMuJinRong/Info.plist;
				LD_RUNPATH_SEARCH_PATHS = "$(inherited) @executable_path/Frameworks";
				PRODUCT_BUNDLE_IDENTIFIER = com.Zec.QianMuJinRong;
				PRODUCT_NAME = "$(TARGET_NAME)";
			};
			name = Release;
		};
/* End XCBuildConfiguration section */

/* Begin XCConfigurationList section */
		91E584131CFFBEBC00D254CB /* Build configuration list for PBXProject "QianMuJinRong" */ = {
			isa = XCConfigurationList;
			buildConfigurations = (
				91E584301CFFBEBC00D254CB /* Debug */,
				91E584311CFFBEBC00D254CB /* Release */,
			);
			defaultConfigurationIsVisible = 0;
			defaultConfigurationName = Release;
		};
		91E584321CFFBEBC00D254CB /* Build configuration list for PBXNativeTarget "QianMuJinRong" */ = {
			isa = XCConfigurationList;
			buildConfigurations = (
				91E584331CFFBEBC00D254CB /* Debug */,
				91E584341CFFBEBC00D254CB /* Release */,
			);
			defaultConfigurationIsVisible = 0;
			defaultConfigurationName = Release;
		};
/* End XCConfigurationList section */

/* Begin XCVersionGroup section */
		91E584271CFFBEBC00D254CB /* QianMuJinRong.xcdatamodeld */ = {
			isa = XCVersionGroup;
			children = (
				91E584281CFFBEBC00D254CB /* QianMuJinRong.xcdatamodel */,
			);
			currentVersion = 91E584281CFFBEBC00D254CB /* QianMuJinRong.xcdatamodel */;
			path = QianMuJinRong.xcdatamodeld;
			sourceTree = "<group>";
			versionGroupType = wrapper.xcdatamodel;
		};
/* End XCVersionGroup section */
	};
	rootObject = 91E584101CFFBEBC00D254CB /* Project object */;
}
